// !$*UTF8*$!
{
	archiveVersion = 1;
	classes = {
	};
	objectVersion = 46;
	objects = {

/* Begin PBXBuildFile section */
		DF9B9C6B1DE200D80098B9EE /* LaunchScreen.storyboard in Resources */ = {isa = PBXBuildFile; fileRef = DF9B9C671DE200D80098B9EE /* LaunchScreen.storyboard */; };
		DF9B9C6C1DE200D80098B9EE /* Main.storyboard in Resources */ = {isa = PBXBuildFile; fileRef = DF9B9C691DE200D80098B9EE /* Main.storyboard */; };
		DF9B9C711DE206170098B9EE /* DetailViewController.m in Sources */ = {isa = PBXBuildFile; fileRef = DF9B9C701DE206170098B9EE /* DetailViewController.m */; };
		DF9B9CA31DE2142D0098B9EE /* MainCollectionViewCell.m in Sources */ = {isa = PBXBuildFile; fileRef = DF9B9CA21DE2142D0098B9EE /* MainCollectionViewCell.m */; };
		DF9B9CA81DE216810098B9EE /* AFNetworkingManager.m in Sources */ = {isa = PBXBuildFile; fileRef = DF9B9CA71DE216810098B9EE /* AFNetworkingManager.m */; };
		DF9B9CAB1DE216AA0098B9EE /* Employee.m in Sources */ = {isa = PBXBuildFile; fileRef = DF9B9CAA1DE216AA0098B9EE /* Employee.m */; };
		DF9B9CAE1DE2F78E0098B9EE /* UIImageView+Utility.m in Sources */ = {isa = PBXBuildFile; fileRef = DF9B9CAD1DE2F78E0098B9EE /* UIImageView+Utility.m */; };
		DF9B9CD71DE3066C0098B9EE /* MainCollectionViewLayout.m in Sources */ = {isa = PBXBuildFile; fileRef = DF9B9CD61DE3066C0098B9EE /* MainCollectionViewLayout.m */; };
		DF9B9CE01DE30F370098B9EE /* MainCollectionHeader.m in Sources */ = {isa = PBXBuildFile; fileRef = DF9B9CDE1DE30F370098B9EE /* MainCollectionHeader.m */; };
		DF9B9CE11DE30F370098B9EE /* MainCollectionHeader.xib in Resources */ = {isa = PBXBuildFile; fileRef = DF9B9CDF1DE30F370098B9EE /* MainCollectionHeader.xib */; };
		DFB99E781DE1F47500420B97 /* main.m in Sources */ = {isa = PBXBuildFile; fileRef = DFB99E771DE1F47500420B97 /* main.m */; };
		DFB99E7B1DE1F47500420B97 /* AppDelegate.m in Sources */ = {isa = PBXBuildFile; fileRef = DFB99E7A1DE1F47500420B97 /* AppDelegate.m */; };
		DFB99E7E1DE1F47500420B97 /* MainViewController.m in Sources */ = {isa = PBXBuildFile; fileRef = DFB99E7D1DE1F47500420B97 /* MainViewController.m */; };
		DFB99E831DE1F47500420B97 /* Assets.xcassets in Resources */ = {isa = PBXBuildFile; fileRef = DFB99E821DE1F47500420B97 /* Assets.xcassets */; };
		FB8E1D523078E2DECFF5EF8A /* Pods_BBDemo.framework in Frameworks */ = {isa = PBXBuildFile; fileRef = 53D0C7F327866B67DB199032 /* Pods_BBDemo.framework */; };
/* End PBXBuildFile section */

/* Begin PBXFileReference section */
		1E266CFC28CF2849DEC3A18E /* Pods-BBDemo.release.xcconfig */ = {isa = PBXFileReference; includeInIndex = 1; lastKnownFileType = text.xcconfig; name = "Pods-BBDemo.release.xcconfig"; path = "Pods/Target Support Files/Pods-BBDemo/Pods-BBDemo.release.xcconfig"; sourceTree = "<group>"; };
		53D0C7F327866B67DB199032 /* Pods_BBDemo.framework */ = {isa = PBXFileReference; explicitFileType = wrapper.framework; includeInIndex = 0; path = Pods_BBDemo.framework; sourceTree = BUILT_PRODUCTS_DIR; };
		ACCDB7BFA3E16A0D12C0FF61 /* Pods-BBDemo.debug.xcconfig */ = {isa = PBXFileReference; includeInIndex = 1; lastKnownFileType = text.xcconfig; name = "Pods-BBDemo.debug.xcconfig"; path = "Pods/Target Support Files/Pods-BBDemo/Pods-BBDemo.debug.xcconfig"; sourceTree = "<group>"; };
		DF9B9C641DE200B30098B9EE /* BBDemo-Prefix.pch */ = {isa = PBXFileReference; fileEncoding = 4; lastKnownFileType = sourcecode.c.h; path = "BBDemo-Prefix.pch"; sourceTree = "<group>"; };
		DF9B9C681DE200D80098B9EE /* Base */ = {isa = PBXFileReference; lastKnownFileType = file.storyboard; name = Base; path = Base.lproj/LaunchScreen.storyboard; sourceTree = "<group>"; };
		DF9B9C6A1DE200D80098B9EE /* Base */ = {isa = PBXFileReference; lastKnownFileType = file.storyboard; name = Base; path = Base.lproj/Main.storyboard; sourceTree = "<group>"; };
		DF9B9C6D1DE2010B0098B9EE /* Info.plist */ = {isa = PBXFileReference; fileEncoding = 4; lastKnownFileType = text.plist.xml; path = Info.plist; sourceTree = "<group>"; };
		DF9B9C6F1DE206170098B9EE /* DetailViewController.h */ = {isa = PBXFileReference; fileEncoding = 4; lastKnownFileType = sourcecode.c.h; path = DetailViewController.h; sourceTree = "<group>"; };
		DF9B9C701DE206170098B9EE /* DetailViewController.m */ = {isa = PBXFileReference; fileEncoding = 4; lastKnownFileType = sourcecode.c.objc; path = DetailViewController.m; sourceTree = "<group>"; };
		DF9B9C9A1DE20A460098B9EE /* Macros.h */ = {isa = PBXFileReference; fileEncoding = 4; lastKnownFileType = sourcecode.c.h; path = Macros.h; sourceTree = "<group>"; };
		DF9B9CA11DE2142D0098B9EE /* MainCollectionViewCell.h */ = {isa = PBXFileReference; fileEncoding = 4; lastKnownFileType = sourcecode.c.h; path = MainCollectionViewCell.h; sourceTree = "<group>"; };
		DF9B9CA21DE2142D0098B9EE /* MainCollectionViewCell.m */ = {isa = PBXFileReference; fileEncoding = 4; lastKnownFileType = sourcecode.c.objc; path = MainCollectionViewCell.m; sourceTree = "<group>"; };
		DF9B9CA61DE216810098B9EE /* AFNetworkingManager.h */ = {isa = PBXFileReference; fileEncoding = 4; lastKnownFileType = sourcecode.c.h; path = AFNetworkingManager.h; sourceTree = "<group>"; };
		DF9B9CA71DE216810098B9EE /* AFNetworkingManager.m */ = {isa = PBXFileReference; fileEncoding = 4; lastKnownFileType = sourcecode.c.objc; path = AFNetworkingManager.m; sourceTree = "<group>"; };
		DF9B9CA91DE216AA0098B9EE /* Employee.h */ = {isa = PBXFileReference; fileEncoding = 4; lastKnownFileType = sourcecode.c.h; path = Employee.h; sourceTree = "<group>"; };
		DF9B9CAA1DE216AA0098B9EE /* Employee.m */ = {isa = PBXFileReference; fileEncoding = 4; lastKnownFileType = sourcecode.c.objc; path = Employee.m; sourceTree = "<group>"; };
		DF9B9CAC1DE2F78E0098B9EE /* UIImageView+Utility.h */ = {isa = PBXFileReference; fileEncoding = 4; lastKnownFileType = sourcecode.c.h; path = "UIImageView+Utility.h"; sourceTree = "<group>"; };
		DF9B9CAD1DE2F78E0098B9EE /* UIImageView+Utility.m */ = {isa = PBXFileReference; fileEncoding = 4; lastKnownFileType = sourcecode.c.objc; path = "UIImageView+Utility.m"; sourceTree = "<group>"; };
		DF9B9CD51DE3066C0098B9EE /* MainCollectionViewLayout.h */ = {isa = PBXFileReference; fileEncoding = 4; lastKnownFileType = sourcecode.c.h; path = MainCollectionViewLayout.h; sourceTree = "<group>"; };
		DF9B9CD61DE3066C0098B9EE /* MainCollectionViewLayout.m */ = {isa = PBXFileReference; fileEncoding = 4; lastKnownFileType = sourcecode.c.objc; path = MainCollectionViewLayout.m; sourceTree = "<group>"; };
		DF9B9CDD1DE30F370098B9EE /* MainCollectionHeader.h */ = {isa = PBXFileReference; fileEncoding = 4; lastKnownFileType = sourcecode.c.h; path = MainCollectionHeader.h; sourceTree = "<group>"; };
		DF9B9CDE1DE30F370098B9EE /* MainCollectionHeader.m */ = {isa = PBXFileReference; fileEncoding = 4; lastKnownFileType = sourcecode.c.objc; path = MainCollectionHeader.m; sourceTree = "<group>"; };
		DF9B9CDF1DE30F370098B9EE /* MainCollectionHeader.xib */ = {isa = PBXFileReference; fileEncoding = 4; lastKnownFileType = file.xib; path = MainCollectionHeader.xib; sourceTree = "<group>"; };
		DFB99E731DE1F47500420B97 /* BBDemo.app */ = {isa = PBXFileReference; explicitFileType = wrapper.application; includeInIndex = 0; path = BBDemo.app; sourceTree = BUILT_PRODUCTS_DIR; };
		DFB99E771DE1F47500420B97 /* main.m */ = {isa = PBXFileReference; lastKnownFileType = sourcecode.c.objc; path = main.m; sourceTree = "<group>"; };
		DFB99E791DE1F47500420B97 /* AppDelegate.h */ = {isa = PBXFileReference; lastKnownFileType = sourcecode.c.h; path = AppDelegate.h; sourceTree = "<group>"; };
		DFB99E7A1DE1F47500420B97 /* AppDelegate.m */ = {isa = PBXFileReference; lastKnownFileType = sourcecode.c.objc; path = AppDelegate.m; sourceTree = "<group>"; };
		DFB99E7C1DE1F47500420B97 /* MainViewController.h */ = {isa = PBXFileReference; lastKnownFileType = sourcecode.c.h; path = MainViewController.h; sourceTree = "<group>"; };
		DFB99E7D1DE1F47500420B97 /* MainViewController.m */ = {isa = PBXFileReference; lastKnownFileType = sourcecode.c.objc; path = MainViewController.m; sourceTree = "<group>"; };
		DFB99E821DE1F47500420B97 /* Assets.xcassets */ = {isa = PBXFileReference; lastKnownFileType = folder.assetcatalog; path = Assets.xcassets; sourceTree = "<group>"; };
/* End PBXFileReference section */

/* Begin PBXFrameworksBuildPhase section */
		DFB99E701DE1F47500420B97 /* Frameworks */ = {
			isa = PBXFrameworksBuildPhase;
			buildActionMask = 2147483647;
			files = (
				FB8E1D523078E2DECFF5EF8A /* Pods_BBDemo.framework in Frameworks */,
			);
			runOnlyForDeploymentPostprocessing = 0;
		};
/* End PBXFrameworksBuildPhase section */

/* Begin PBXGroup section */
		3AD4632CEB94325ABFB15EC8 /* Pods */ = {
			isa = PBXGroup;
			children = (
				ACCDB7BFA3E16A0D12C0FF61 /* Pods-BBDemo.debug.xcconfig */,
				1E266CFC28CF2849DEC3A18E /* Pods-BBDemo.release.xcconfig */,
			);
			name = Pods;
			sourceTree = "<group>";
		};
		B517F4B4B3CDBA779F2AAD76 /* Frameworks */ = {
			isa = PBXGroup;
			children = (
				53D0C7F327866B67DB199032 /* Pods_BBDemo.framework */,
			);
			name = Frameworks;
			sourceTree = "<group>";
		};
		DF9B9C601DE1FD400098B9EE /* Resources */ = {
			isa = PBXGroup;
			children = (
				DF9B9C9A1DE20A460098B9EE /* Macros.h */,
				DFB99E821DE1F47500420B97 /* Assets.xcassets */,
			);
			path = Resources;
			sourceTree = "<group>";
		};
		DF9B9C611DE1FD5E0098B9EE /* ViewControllers */ = {
			isa = PBXGroup;
			children = (
				DFB99E791DE1F47500420B97 /* AppDelegate.h */,
				DFB99E7A1DE1F47500420B97 /* AppDelegate.m */,
				DFB99E7C1DE1F47500420B97 /* MainViewController.h */,
				DFB99E7D1DE1F47500420B97 /* MainViewController.m */,
				DF9B9C6F1DE206170098B9EE /* DetailViewController.h */,
				DF9B9C701DE206170098B9EE /* DetailViewController.m */,
			);
			path = ViewControllers;
			sourceTree = "<group>";
		};
		DF9B9CA01DE214110098B9EE /* CustomUI */ = {
			isa = PBXGroup;
			children = (
				DF9B9CAC1DE2F78E0098B9EE /* UIImageView+Utility.h */,
				DF9B9CAD1DE2F78E0098B9EE /* UIImageView+Utility.m */,
				DF9B9CA11DE2142D0098B9EE /* MainCollectionViewCell.h */,
				DF9B9CA21DE2142D0098B9EE /* MainCollectionViewCell.m */,
				DF9B9CD51DE3066C0098B9EE /* MainCollectionViewLayout.h */,
				DF9B9CD61DE3066C0098B9EE /* MainCollectionViewLayout.m */,
				DF9B9CDD1DE30F370098B9EE /* MainCollectionHeader.h */,
				DF9B9CDE1DE30F370098B9EE /* MainCollectionHeader.m */,
				DF9B9CDF1DE30F370098B9EE /* MainCollectionHeader.xib */,
			);
			path = CustomUI;
			sourceTree = "<group>";
		};
		DF9B9CA41DE216310098B9EE /* Network */ = {
			isa = PBXGroup;
			children = (
				DF9B9CA61DE216810098B9EE /* AFNetworkingManager.h */,
				DF9B9CA71DE216810098B9EE /* AFNetworkingManager.m */,
			);
			path = Network;
			sourceTree = "<group>";
		};
		DF9B9CA51DE216460098B9EE /* Model */ = {
			isa = PBXGroup;
			children = (
				DF9B9CA91DE216AA0098B9EE /* Employee.h */,
				DF9B9CAA1DE216AA0098B9EE /* Employee.m */,
			);
			path = Model;
			sourceTree = "<group>";
		};
		DFB99E6A1DE1F47500420B97 = {
			isa = PBXGroup;
			children = (
				DFB99E751DE1F47500420B97 /* BBDemo */,
				DFB99E741DE1F47500420B97 /* Products */,
				3AD4632CEB94325ABFB15EC8 /* Pods */,
				B517F4B4B3CDBA779F2AAD76 /* Frameworks */,
			);
			sourceTree = "<group>";
		};
		DFB99E741DE1F47500420B97 /* Products */ = {
			isa = PBXGroup;
			children = (
				DFB99E731DE1F47500420B97 /* BBDemo.app */,
			);
			name = Products;
			sourceTree = "<group>";
		};
		DFB99E751DE1F47500420B97 /* BBDemo */ = {
			isa = PBXGroup;
			children = (
				DF9B9CA51DE216460098B9EE /* Model */,
				DF9B9CA41DE216310098B9EE /* Network */,
				DF9B9CA01DE214110098B9EE /* CustomUI */,
				DF9B9C611DE1FD5E0098B9EE /* ViewControllers */,
				DF9B9C601DE1FD400098B9EE /* Resources */,
				DFB99E761DE1F47500420B97 /* Supporting Files */,
			);
			path = BBDemo;
			sourceTree = "<group>";
		};
		DFB99E761DE1F47500420B97 /* Supporting Files */ = {
			isa = PBXGroup;
			children = (
				DF9B9C6D1DE2010B0098B9EE /* Info.plist */,
				DF9B9C671DE200D80098B9EE /* LaunchScreen.storyboard */,
				DF9B9C691DE200D80098B9EE /* Main.storyboard */,
				DF9B9C641DE200B30098B9EE /* BBDemo-Prefix.pch */,
				DFB99E771DE1F47500420B97 /* main.m */,
			);
			name = "Supporting Files";
			sourceTree = "<group>";
		};
/* End PBXGroup section */

/* Begin PBXNativeTarget section */
		DFB99E721DE1F47500420B97 /* BBDemo */ = {
			isa = PBXNativeTarget;
			buildConfigurationList = DFB99E8A1DE1F47500420B97 /* Build configuration list for PBXNativeTarget "BBDemo" */;
			buildPhases = (
				76C9818DECDF1056A682A550 /* [CP] Check Pods Manifest.lock */,
				DFB99E6F1DE1F47500420B97 /* Sources */,
				DFB99E701DE1F47500420B97 /* Frameworks */,
				DFB99E711DE1F47500420B97 /* Resources */,
				37F3E963D2F0000B476C0D85 /* [CP] Embed Pods Frameworks */,
				1403784FF7306B54C91DB251 /* [CP] Copy Pods Resources */,
			);
			buildRules = (
			);
			dependencies = (
			);
			name = BBDemo;
			productName = BBDemo;
			productReference = DFB99E731DE1F47500420B97 /* BBDemo.app */;
			productType = "com.apple.product-type.application";
		};
/* End PBXNativeTarget section */

/* Begin PBXProject section */
		DFB99E6B1DE1F47500420B97 /* Project object */ = {
			isa = PBXProject;
			attributes = {
				LastUpgradeCheck = 0810;
				ORGANIZATIONNAME = "Francesca Corsini";
				TargetAttributes = {
					DFB99E721DE1F47500420B97 = {
						CreatedOnToolsVersion = 8.1;
						ProvisioningStyle = Automatic;
					};
				};
			};
			buildConfigurationList = DFB99E6E1DE1F47500420B97 /* Build configuration list for PBXProject "BBDemo" */;
			compatibilityVersion = "Xcode 3.2";
			developmentRegion = English;
			hasScannedForEncodings = 0;
			knownRegions = (
				en,
				Base,
			);
			mainGroup = DFB99E6A1DE1F47500420B97;
			productRefGroup = DFB99E741DE1F47500420B97 /* Products */;
			projectDirPath = "";
			projectRoot = "";
			targets = (
				DFB99E721DE1F47500420B97 /* BBDemo */,
			);
		};
/* End PBXProject section */

/* Begin PBXResourcesBuildPhase section */
		DFB99E711DE1F47500420B97 /* Resources */ = {
			isa = PBXResourcesBuildPhase;
			buildActionMask = 2147483647;
			files = (
				DF9B9C6C1DE200D80098B9EE /* Main.storyboard in Resources */,
				DFB99E831DE1F47500420B97 /* Assets.xcassets in Resources */,
				DF9B9CE11DE30F370098B9EE /* MainCollectionHeader.xib in Resources */,
				DF9B9C6B1DE200D80098B9EE /* LaunchScreen.storyboard in Resources */,
			);
			runOnlyForDeploymentPostprocessing = 0;
		};
/* End PBXResourcesBuildPhase section */

/* Begin PBXShellScriptBuildPhase section */
		1403784FF7306B54C91DB251 /* [CP] Copy Pods Resources */ = {
			isa = PBXShellScriptBuildPhase;
			buildActionMask = 2147483647;
			files = (
			);
			inputPaths = (
			);
			name = "[CP] Copy Pods Resources";
			outputPaths = (
			);
			runOnlyForDeploymentPostprocessing = 0;
			shellPath = /bin/sh;
			shellScript = "\"${SRCROOT}/Pods/Target Support Files/Pods-BBDemo/Pods-BBDemo-resources.sh\"\n";
			showEnvVarsInLog = 0;
		};
		37F3E963D2F0000B476C0D85 /* [CP] Embed Pods Frameworks */ = {
			isa = PBXShellScriptBuildPhase;
			buildActionMask = 2147483647;
			files = (
			);
			inputPaths = (
			);
			name = "[CP] Embed Pods Frameworks";
			outputPaths = (
			);
			runOnlyForDeploymentPostprocessing = 0;
			shellPath = /bin/sh;
			shellScript = "\"${SRCROOT}/Pods/Target Support Files/Pods-BBDemo/Pods-BBDemo-frameworks.sh\"\n";
			showEnvVarsInLog = 0;
		};
		76C9818DECDF1056A682A550 /* [CP] Check Pods Manifest.lock */ = {
			isa = PBXShellScriptBuildPhase;
			buildActionMask = 2147483647;
			files = (
			);
			inputPaths = (
			);
			name = "[CP] Check Pods Manifest.lock";
			outputPaths = (
			);
			runOnlyForDeploymentPostprocessing = 0;
			shellPath = /bin/sh;
			shellScript = "diff \"${PODS_ROOT}/../Podfile.lock\" \"${PODS_ROOT}/Manifest.lock\" > /dev/null\nif [ $? != 0 ] ; then\n    # print error to STDERR\n    echo \"error: The sandbox is not in sync with the Podfile.lock. Run 'pod install' or update your CocoaPods installation.\" >&2\n    exit 1\nfi\n";
			showEnvVarsInLog = 0;
		};
/* End PBXShellScriptBuildPhase section */

/* Begin PBXSourcesBuildPhase section */
		DFB99E6F1DE1F47500420B97 /* Sources */ = {
			isa = PBXSourcesBuildPhase;
			buildActionMask = 2147483647;
			files = (
				DFB99E7E1DE1F47500420B97 /* MainViewController.m in Sources */,
				DFB99E7B1DE1F47500420B97 /* AppDelegate.m in Sources */,
				DF9B9CA81DE216810098B9EE /* AFNetworkingManager.m in Sources */,
				DF9B9CAE1DE2F78E0098B9EE /* UIImageView+Utility.m in Sources */,
				DF9B9CE01DE30F370098B9EE /* MainCollectionHeader.m in Sources */,
				DF9B9CA31DE2142D0098B9EE /* MainCollectionViewCell.m in Sources */,
				DFB99E781DE1F47500420B97 /* main.m in Sources */,
				DF9B9C711DE206170098B9EE /* DetailViewController.m in Sources */,
				DF9B9CAB1DE216AA0098B9EE /* Employee.m in Sources */,
				DF9B9CD71DE3066C0098B9EE /* MainCollectionViewLayout.m in Sources */,
			);
			runOnlyForDeploymentPostprocessing = 0;
		};
/* End PBXSourcesBuildPhase section */

/* Begin PBXVariantGroup section */
		DF9B9C671DE200D80098B9EE /* LaunchScreen.storyboard */ = {
			isa = PBXVariantGroup;
			children = (
				DF9B9C681DE200D80098B9EE /* Base */,
			);
			name = LaunchScreen.storyboard;
			sourceTree = "<group>";
		};
		DF9B9C691DE200D80098B9EE /* Main.storyboard */ = {
			isa = PBXVariantGroup;
			children = (
				DF9B9C6A1DE200D80098B9EE /* Base */,
			);
			name = Main.storyboard;
			sourceTree = "<group>";
		};
/* End PBXVariantGroup section */

/* Begin XCBuildConfiguration section */
		DFB99E881DE1F47500420B97 /* Debug */ = {
			isa = XCBuildConfiguration;
			buildSettings = {
				ALWAYS_SEARCH_USER_PATHS = NO;
				CLANG_ANALYZER_NONNULL = YES;
				CLANG_CXX_LANGUAGE_STANDARD = "gnu++0x";
				CLANG_CXX_LIBRARY = "libc++";
				CLANG_ENABLE_MODULES = YES;
				CLANG_ENABLE_OBJC_ARC = YES;
				CLANG_WARN_BOOL_CONVERSION = YES;
				CLANG_WARN_CONSTANT_CONVERSION = YES;
				CLANG_WARN_DIRECT_OBJC_ISA_USAGE = YES_ERROR;
				CLANG_WARN_DOCUMENTATION_COMMENTS = YES;
				CLANG_WARN_EMPTY_BODY = YES;
				CLANG_WARN_ENUM_CONVERSION = YES;
				CLANG_WARN_INFINITE_RECURSION = YES;
				CLANG_WARN_INT_CONVERSION = YES;
				CLANG_WARN_OBJC_ROOT_CLASS = YES_ERROR;
				CLANG_WARN_SUSPICIOUS_MOVE = YES;
				CLANG_WARN_SUSPICIOUS_MOVES = YES;
				CLANG_WARN_UNREACHABLE_CODE = YES;
				CLANG_WARN__DUPLICATE_METHOD_MATCH = YES;
				"CODE_SIGN_IDENTITY[sdk=iphoneos*]" = "iPhone Developer";
				COPY_PHASE_STRIP = NO;
				DEBUG_INFORMATION_FORMAT = dwarf;
				ENABLE_STRICT_OBJC_MSGSEND = YES;
				ENABLE_TESTABILITY = YES;
				GCC_C_LANGUAGE_STANDARD = gnu99;
				GCC_DYNAMIC_NO_PIC = NO;
				GCC_NO_COMMON_BLOCKS = YES;
				GCC_OPTIMIZATION_LEVEL = 0;
				GCC_PREPROCESSOR_DEFINITIONS = (
					"DEBUG=1",
					"$(inherited)",
				);
				GCC_WARN_64_TO_32_BIT_CONVERSION = YES;
				GCC_WARN_ABOUT_RETURN_TYPE = YES_ERROR;
				GCC_WARN_UNDECLARED_SELECTOR = YES;
				GCC_WARN_UNINITIALIZED_AUTOS = YES_AGGRESSIVE;
				GCC_WARN_UNUSED_FUNCTION = YES;
				GCC_WARN_UNUSED_VARIABLE = YES;
				IPHONEOS_DEPLOYMENT_TARGET = 10.1;
				MTL_ENABLE_DEBUG_INFO = YES;
				ONLY_ACTIVE_ARCH = YES;
				SDKROOT = iphoneos;
				TARGETED_DEVICE_FAMILY = "1,2";
			};
			name = Debug;
		};
		DFB99E891DE1F47500420B97 /* Release */ = {
			isa = XCBuildConfiguration;
			buildSettings = {
				ALWAYS_SEARCH_USER_PATHS = NO;
				CLANG_ANALYZER_NONNULL = YES;
				CLANG_CXX_LANGUAGE_STANDARD = "gnu++0x";
				CLANG_CXX_LIBRARY = "libc++";
				CLANG_ENABLE_MODULES = YES;
				CLANG_ENABLE_OBJC_ARC = YES;
				CLANG_WARN_BOOL_CONVERSION = YES;
				CLANG_WARN_CONSTANT_CONVERSION = YES;
				CLANG_WARN_DIRECT_OBJC_ISA_USAGE = YES_ERROR;
				CLANG_WARN_DOCUMENTATION_COMMENTS = YES;
				CLANG_WARN_EMPTY_BODY = YES;
				CLANG_WARN_ENUM_CONVERSION = YES;
				CLANG_WARN_INFINITE_RECURSION = YES;
				CLANG_WARN_INT_CONVERSION = YES;
				CLANG_WARN_OBJC_ROOT_CLASS = YES_ERROR;
				CLANG_WARN_SUSPICIOUS_MOVE = YES;
				CLANG_WARN_SUSPICIOUS_MOVES = YES;
				CLANG_WARN_UNREACHABLE_CODE = YES;
				CLANG_WARN__DUPLICATE_METHOD_MATCH = YES;
				"CODE_SIGN_IDENTITY[sdk=iphoneos*]" = "iPhone Developer";
				COPY_PHASE_STRIP = NO;
				DEBUG_INFORMATION_FORMAT = "dwarf-with-dsym";
				ENABLE_NS_ASSERTIONS = NO;
				ENABLE_STRICT_OBJC_MSGSEND = YES;
				GCC_C_LANGUAGE_STANDARD = gnu99;
				GCC_NO_COMMON_BLOCKS = YES;
				GCC_WARN_64_TO_32_BIT_CONVERSION = YES;
				GCC_WARN_ABOUT_RETURN_TYPE = YES_ERROR;
				GCC_WARN_UNDECLARED_SELECTOR = YES;
				GCC_WARN_UNINITIALIZED_AUTOS = YES_AGGRESSIVE;
				GCC_WARN_UNUSED_FUNCTION = YES;
				GCC_WARN_UNUSED_VARIABLE = YES;
				IPHONEOS_DEPLOYMENT_TARGET = 10.1;
				MTL_ENABLE_DEBUG_INFO = NO;
				SDKROOT = iphoneos;
				TARGETED_DEVICE_FAMILY = "1,2";
				VALIDATE_PRODUCT = YES;
			};
			name = Release;
		};
		DFB99E8B1DE1F47500420B97 /* Debug */ = {
			isa = XCBuildConfiguration;
			baseConfigurationReference = ACCDB7BFA3E16A0D12C0FF61 /* Pods-BBDemo.debug.xcconfig */;
			buildSettings = {
				ASSETCATALOG_COMPILER_APPICON_NAME = AppIcon;
				GCC_PRECOMPILE_PREFIX_HEADER = YES;
				GCC_PREFIX_HEADER = "BBDemo/BBDemo-Prefix.pch";
				INFOPLIST_FILE = BBDemo/Info.plist;
				LD_RUNPATH_SEARCH_PATHS = "$(inherited) @executable_path/Frameworks";
				PRODUCT_BUNDLE_IDENTIFIER = backbase.BBDemo;
				PRODUCT_NAME = "$(TARGET_NAME)";
			};
			name = Debug;
		};
		DFB99E8C1DE1F47500420B97 /* Release */ = {
			isa = XCBuildConfiguration;
			baseConfigurationReference = 1E266CFC28CF2849DEC3A18E /* Pods-BBDemo.release.xcconfig */;
			buildSettings = {
				ASSETCATALOG_COMPILER_APPICON_NAME = AppIcon;
				GCC_PRECOMPILE_PREFIX_HEADER = YES;
				GCC_PREFIX_HEADER = "BBDemo/BBDemo-Prefix.pch";
				INFOPLIST_FILE = BBDemo/Info.plist;
				LD_RUNPATH_SEARCH_PATHS = "$(inherited) @executable_path/Frameworks";
				PRODUCT_BUNDLE_IDENTIFIER = backbase.BBDemo;
				PRODUCT_NAME = "$(TARGET_NAME)";
			};
			name = Release;
		};
/* End XCBuildConfiguration section */

/* Begin XCConfigurationList section */
		DFB99E6E1DE1F47500420B97 /* Build configuration list for PBXProject "BBDemo" */ = {
			isa = XCConfigurationList;
			buildConfigurations = (
				DFB99E881DE1F47500420B97 /* Debug */,
				DFB99E891DE1F47500420B97 /* Release */,
			);
			defaultConfigurationIsVisible = 0;
			defaultConfigurationName = Release;
		};
		DFB99E8A1DE1F47500420B97 /* Build configuration list for PBXNativeTarget "BBDemo" */ = {
			isa = XCConfigurationList;
			buildConfigurations = (
				DFB99E8B1DE1F47500420B97 /* Debug */,
				DFB99E8C1DE1F47500420B97 /* Release */,
			);
			defaultConfigurationIsVisible = 0;
			defaultConfigurationName = Release;
		};
/* End XCConfigurationList section */
	};
	rootObject = DFB99E6B1DE1F47500420B97 /* Project object */;
}
